
Microsoft Visual Studio Solution File, Format Version 12.00
# Visual Studio Version 17
VisualStudioVersion = 17.5.33414.496
MinimumVisualStudioVersion = 10.0.40219.1
Project("{FAE04EC0-301F-11D3-BF4B-00C04F79EFBC}") = "tpmodul8_1302210028", "tpmodul8_1302210028\tpmodul8_1302210028.csproj", "{56B563D8-C77E-46C9-A91D-00A6CA20B397}"
EndProject
Global
	GlobalSection(SolutionConfigurationPlatforms) = preSolution
		Debug|Any CPU = Debug|Any CPU
		Release|Any CPU = Release|Any CPU
	EndGlobalSection
	GlobalSection(ProjectConfigurationPlatforms) = postSolution
		{56B563D8-C77E-46C9-A91D-00A6CA20B397}.Debug|Any CPU.ActiveCfg = Debug|Any CPU
		{56B563D8-C77E-46C9-A91D-00A6CA20B397}.Debug|Any CPU.Build.0 = Debug|Any CPU
		{56B563D8-C77E-46C9-A91D-00A6CA20B397}.Release|Any CPU.ActiveCfg = Release|Any CPU
		{56B563D8-C77E-46C9-A91D-00A6CA20B397}.Release|Any CPU.Build.0 = Release|Any CPU
	EndGlobalSection
	GlobalSection(SolutionProperties) = preSolution
		HideSolutionNode = FALSE
	EndGlobalSection
	GlobalSection(ExtensibilityGlobals) = postSolution
		SolutionGuid = {1AE5C3C3-AABA-41E9-AC40-09FE3A47913C}
	EndGlobalSection
EndGlobal
